// !$*UTF8*$!
{
	archiveVersion = 1;
	classes = {
	};
	objectVersion = 77;
	objects = {

/* Begin PBXBuildFile section */
		1332B29D03F3459C853893C5 /* Pods_SpotifyCloneTests.framework in Frameworks */ = {isa = PBXBuildFile; fileRef = E173C9E8CB8C78AC9D0D39FB /* Pods_SpotifyCloneTests.framework */; };
		5BCAA5AA3C11F6D3C9754340 /* Pods_SpotifyClone.framework in Frameworks */ = {isa = PBXBuildFile; fileRef = 6D6EABBEA5F03CD3C587225A /* Pods_SpotifyClone.framework */; };
		CF365C3BE080D9B55E9CA577 /* Pods_SpotifyClone_SpotifyCloneUITests.framework in Frameworks */ = {isa = PBXBuildFile; fileRef = 8CF4146AE9EDBDDC68E4226A /* Pods_SpotifyClone_SpotifyCloneUITests.framework */; };
/* End PBXBuildFile section */

/* Begin PBXContainerItemProxy section */
		04C605502D81F33C00A7F554 /* PBXContainerItemProxy */ = {
			isa = PBXContainerItemProxy;
			containerPortal = 04C6052E2D81F33B00A7F554 /* Project object */;
			proxyType = 1;
			remoteGlobalIDString = 04C605352D81F33B00A7F554;
			remoteInfo = SpotifyClone;
		};
		04C6055A2D81F33C00A7F554 /* PBXContainerItemProxy */ = {
			isa = PBXContainerItemProxy;
			containerPortal = 04C6052E2D81F33B00A7F554 /* Project object */;
			proxyType = 1;
			remoteGlobalIDString = 04C605352D81F33B00A7F554;
			remoteInfo = SpotifyClone;
		};
/* End PBXContainerItemProxy section */

/* Begin PBXFileReference section */
		04C605362D81F33B00A7F554 /* SpotifyClone.app */ = {isa = PBXFileReference; explicitFileType = wrapper.application; includeInIndex = 0; path = SpotifyClone.app; sourceTree = BUILT_PRODUCTS_DIR; };
		04C6054F2D81F33C00A7F554 /* SpotifyCloneTests.xctest */ = {isa = PBXFileReference; explicitFileType = wrapper.cfbundle; includeInIndex = 0; path = SpotifyCloneTests.xctest; sourceTree = BUILT_PRODUCTS_DIR; };
		04C605592D81F33C00A7F554 /* SpotifyCloneUITests.xctest */ = {isa = PBXFileReference; explicitFileType = wrapper.cfbundle; includeInIndex = 0; path = SpotifyCloneUITests.xctest; sourceTree = BUILT_PRODUCTS_DIR; };
		122F7289A3674398BF891D94 /* Pods-SpotifyClone.debug.xcconfig */ = {isa = PBXFileReference; includeInIndex = 1; lastKnownFileType = text.xcconfig; name = "Pods-SpotifyClone.debug.xcconfig"; path = "Target Support Files/Pods-SpotifyClone/Pods-SpotifyClone.debug.xcconfig"; sourceTree = "<group>"; };
		4042CF85E64BBE31B87DECA4 /* Pods-SpotifyCloneTests.debug.xcconfig */ = {isa = PBXFileReference; includeInIndex = 1; lastKnownFileType = text.xcconfig; name = "Pods-SpotifyCloneTests.debug.xcconfig"; path = "Target Support Files/Pods-SpotifyCloneTests/Pods-SpotifyCloneTests.debug.xcconfig"; sourceTree = "<group>"; };
		6D6EABBEA5F03CD3C587225A /* Pods_SpotifyClone.framework */ = {isa = PBXFileReference; explicitFileType = wrapper.framework; includeInIndex = 0; path = Pods_SpotifyClone.framework; sourceTree = BUILT_PRODUCTS_DIR; };
		8CF4146AE9EDBDDC68E4226A /* Pods_SpotifyClone_SpotifyCloneUITests.framework */ = {isa = PBXFileReference; explicitFileType = wrapper.framework; includeInIndex = 0; path = Pods_SpotifyClone_SpotifyCloneUITests.framework; sourceTree = BUILT_PRODUCTS_DIR; };
		9103B892266B93FA24841BCD /* Pods-SpotifyClone-SpotifyCloneUITests.release.xcconfig */ = {isa = PBXFileReference; includeInIndex = 1; lastKnownFileType = text.xcconfig; name = "Pods-SpotifyClone-SpotifyCloneUITests.release.xcconfig"; path = "Target Support Files/Pods-SpotifyClone-SpotifyCloneUITests/Pods-SpotifyClone-SpotifyCloneUITests.release.xcconfig"; sourceTree = "<group>"; };
		95A48654FD581D52534B079A /* Pods-SpotifyCloneTests.release.xcconfig */ = {isa = PBXFileReference; includeInIndex = 1; lastKnownFileType = text.xcconfig; name = "Pods-SpotifyCloneTests.release.xcconfig"; path = "Target Support Files/Pods-SpotifyCloneTests/Pods-SpotifyCloneTests.release.xcconfig"; sourceTree = "<group>"; };
		BADDD16E275FCDD9CC16C0ED /* Pods-SpotifyClone-SpotifyCloneUITests.debug.xcconfig */ = {isa = PBXFileReference; includeInIndex = 1; lastKnownFileType = text.xcconfig; name = "Pods-SpotifyClone-SpotifyCloneUITests.debug.xcconfig"; path = "Target Support Files/Pods-SpotifyClone-SpotifyCloneUITests/Pods-SpotifyClone-SpotifyCloneUITests.debug.xcconfig"; sourceTree = "<group>"; };
		E173C9E8CB8C78AC9D0D39FB /* Pods_SpotifyCloneTests.framework */ = {isa = PBXFileReference; explicitFileType = wrapper.framework; includeInIndex = 0; path = Pods_SpotifyCloneTests.framework; sourceTree = BUILT_PRODUCTS_DIR; };
		F30E4A237D41654E1B47D6BD /* Pods-SpotifyClone.release.xcconfig */ = {isa = PBXFileReference; includeInIndex = 1; lastKnownFileType = text.xcconfig; name = "Pods-SpotifyClone.release.xcconfig"; path = "Target Support Files/Pods-SpotifyClone/Pods-SpotifyClone.release.xcconfig"; sourceTree = "<group>"; };
/* End PBXFileReference section */

/* Begin PBXFileSystemSynchronizedBuildFileExceptionSet section */
		04C605612D81F33C00A7F554 /* Exceptions for "SpotifyClone" folder in "SpotifyClone" target */ = {
			isa = PBXFileSystemSynchronizedBuildFileExceptionSet;
			membershipExceptions = (
				Info.plist,
			);
			target = 04C605352D81F33B00A7F554 /* SpotifyClone */;
		};
/* End PBXFileSystemSynchronizedBuildFileExceptionSet section */

/* Begin PBXFileSystemSynchronizedRootGroup section */
		04C605382D81F33B00A7F554 /* SpotifyClone */ = {
			isa = PBXFileSystemSynchronizedRootGroup;
			exceptions = (
				04C605612D81F33C00A7F554 /* Exceptions for "SpotifyClone" folder in "SpotifyClone" target */,
			);
			path = SpotifyClone;
			sourceTree = "<group>";
		};
		04C605522D81F33C00A7F554 /* SpotifyCloneTests */ = {
			isa = PBXFileSystemSynchronizedRootGroup;
			path = SpotifyCloneTests;
			sourceTree = "<group>";
		};
		04C6055C2D81F33C00A7F554 /* SpotifyCloneUITests */ = {
			isa = PBXFileSystemSynchronizedRootGroup;
			path = SpotifyCloneUITests;
			sourceTree = "<group>";
		};
/* End PBXFileSystemSynchronizedRootGroup section */

/* Begin PBXFrameworksBuildPhase section */
		04C605332D81F33B00A7F554 /* Frameworks */ = {
			isa = PBXFrameworksBuildPhase;
			buildActionMask = 2147483647;
			files = (
				5BCAA5AA3C11F6D3C9754340 /* Pods_SpotifyClone.framework in Frameworks */,
			);
			runOnlyForDeploymentPostprocessing = 0;
		};
		04C6054C2D81F33C00A7F554 /* Frameworks */ = {
			isa = PBXFrameworksBuildPhase;
			buildActionMask = 2147483647;
			files = (
				1332B29D03F3459C853893C5 /* Pods_SpotifyCloneTests.framework in Frameworks */,
			);
			runOnlyForDeploymentPostprocessing = 0;
		};
		04C605562D81F33C00A7F554 /* Frameworks */ = {
			isa = PBXFrameworksBuildPhase;
			buildActionMask = 2147483647;
			files = (
				CF365C3BE080D9B55E9CA577 /* Pods_SpotifyClone_SpotifyCloneUITests.framework in Frameworks */,
			);
			runOnlyForDeploymentPostprocessing = 0;
		};
/* End PBXFrameworksBuildPhase section */

/* Begin PBXGroup section */
		04C6052D2D81F33B00A7F554 = {
			isa = PBXGroup;
			children = (
				04C605382D81F33B00A7F554 /* SpotifyClone */,
				04C605522D81F33C00A7F554 /* SpotifyCloneTests */,
				04C6055C2D81F33C00A7F554 /* SpotifyCloneUITests */,
				04C605372D81F33B00A7F554 /* Products */,
				9D268DEA19231DDB5E1B6DA8 /* Pods */,
				EC5C79F20E49861312C69B8F /* Frameworks */,
			);
			sourceTree = "<group>";
		};
		04C605372D81F33B00A7F554 /* Products */ = {
			isa = PBXGroup;
			children = (
				04C605362D81F33B00A7F554 /* SpotifyClone.app */,
				04C6054F2D81F33C00A7F554 /* SpotifyCloneTests.xctest */,
				04C605592D81F33C00A7F554 /* SpotifyCloneUITests.xctest */,
			);
			name = Products;
			sourceTree = "<group>";
		};
		9D268DEA19231DDB5E1B6DA8 /* Pods */ = {
			isa = PBXGroup;
			children = (
				122F7289A3674398BF891D94 /* Pods-SpotifyClone.debug.xcconfig */,
				F30E4A237D41654E1B47D6BD /* Pods-SpotifyClone.release.xcconfig */,
				BADDD16E275FCDD9CC16C0ED /* Pods-SpotifyClone-SpotifyCloneUITests.debug.xcconfig */,
				9103B892266B93FA24841BCD /* Pods-SpotifyClone-SpotifyCloneUITests.release.xcconfig */,
				4042CF85E64BBE31B87DECA4 /* Pods-SpotifyCloneTests.debug.xcconfig */,
				95A48654FD581D52534B079A /* Pods-SpotifyCloneTests.release.xcconfig */,
			);
			path = Pods;
			sourceTree = "<group>";
		};
		EC5C79F20E49861312C69B8F /* Frameworks */ = {
			isa = PBXGroup;
			children = (
				6D6EABBEA5F03CD3C587225A /* Pods_SpotifyClone.framework */,
				8CF4146AE9EDBDDC68E4226A /* Pods_SpotifyClone_SpotifyCloneUITests.framework */,
				E173C9E8CB8C78AC9D0D39FB /* Pods_SpotifyCloneTests.framework */,
			);
			name = Frameworks;
			sourceTree = "<group>";
		};
/* End PBXGroup section */

/* Begin PBXNativeTarget section */
		04C605352D81F33B00A7F554 /* SpotifyClone */ = {
			isa = PBXNativeTarget;
			buildConfigurationList = 04C605622D81F33C00A7F554 /* Build configuration list for PBXNativeTarget "SpotifyClone" */;
			buildPhases = (
				BC0A6E29625E99508A97BFDA /* [CP] Check Pods Manifest.lock */,
				04C605322D81F33B00A7F554 /* Sources */,
				04C605332D81F33B00A7F554 /* Frameworks */,
				04C605342D81F33B00A7F554 /* Resources */,
				2EEF2E7F0719956F072FBC58 /* [CP] Embed Pods Frameworks */,
			);
			buildRules = (
			);
			dependencies = (
			);
			fileSystemSynchronizedGroups = (
				04C605382D81F33B00A7F554 /* SpotifyClone */,
			);
			name = SpotifyClone;
			productName = SpotifyClone;
			productReference = 04C605362D81F33B00A7F554 /* SpotifyClone.app */;
			productType = "com.apple.product-type.application";
		};
		04C6054E2D81F33C00A7F554 /* SpotifyCloneTests */ = {
			isa = PBXNativeTarget;
			buildConfigurationList = 04C605672D81F33C00A7F554 /* Build configuration list for PBXNativeTarget "SpotifyCloneTests" */;
			buildPhases = (
				FF9E5E16E1E5FE400FE5A1C7 /* [CP] Check Pods Manifest.lock */,
				04C6054B2D81F33C00A7F554 /* Sources */,
				04C6054C2D81F33C00A7F554 /* Frameworks */,
				04C6054D2D81F33C00A7F554 /* Resources */,
			);
			buildRules = (
			);
			dependencies = (
				04C605512D81F33C00A7F554 /* PBXTargetDependency */,
			);
			fileSystemSynchronizedGroups = (
				04C605522D81F33C00A7F554 /* SpotifyCloneTests */,
			);
			name = SpotifyCloneTests;
			productName = SpotifyCloneTests;
			productReference = 04C6054F2D81F33C00A7F554 /* SpotifyCloneTests.xctest */;
			productType = "com.apple.product-type.bundle.unit-test";
		};
		04C605582D81F33C00A7F554 /* SpotifyCloneUITests */ = {
			isa = PBXNativeTarget;
			buildConfigurationList = 04C6056A2D81F33C00A7F554 /* Build configuration list for PBXNativeTarget "SpotifyCloneUITests" */;
			buildPhases = (
				B376370DA804958C2224CF93 /* [CP] Check Pods Manifest.lock */,
				04C605552D81F33C00A7F554 /* Sources */,
				04C605562D81F33C00A7F554 /* Frameworks */,
				04C605572D81F33C00A7F554 /* Resources */,
				A92BA73AC7D5D7A8076C2599 /* [CP] Embed Pods Frameworks */,
			);
			buildRules = (
			);
			dependencies = (
				04C6055B2D81F33C00A7F554 /* PBXTargetDependency */,
			);
			fileSystemSynchronizedGroups = (
				04C6055C2D81F33C00A7F554 /* SpotifyCloneUITests */,
			);
			name = SpotifyCloneUITests;
			productName = SpotifyCloneUITests;
			productReference = 04C605592D81F33C00A7F554 /* SpotifyCloneUITests.xctest */;
			productType = "com.apple.product-type.bundle.ui-testing";
		};
/* End PBXNativeTarget section */

/* Begin PBXProject section */
		04C6052E2D81F33B00A7F554 /* Project object */ = {
			isa = PBXProject;
			attributes = {
				BuildIndependentTargetsInParallel = 1;
				LastSwiftUpdateCheck = 1620;
				LastUpgradeCheck = 1620;
				TargetAttributes = {
					04C605352D81F33B00A7F554 = {
						CreatedOnToolsVersion = 16.2;
					};
					04C6054E2D81F33C00A7F554 = {
						CreatedOnToolsVersion = 16.2;
						TestTargetID = 04C605352D81F33B00A7F554;
					};
					04C605582D81F33C00A7F554 = {
						CreatedOnToolsVersion = 16.2;
						TestTargetID = 04C605352D81F33B00A7F554;
					};
				};
			};
			buildConfigurationList = 04C605312D81F33B00A7F554 /* Build configuration list for PBXProject "SpotifyClone" */;
			developmentRegion = en;
			hasScannedForEncodings = 0;
			knownRegions = (
				en,
				Base,
			);
			mainGroup = 04C6052D2D81F33B00A7F554;
			minimizedProjectReferenceProxies = 1;
			preferredProjectObjectVersion = 77;
			productRefGroup = 04C605372D81F33B00A7F554 /* Products */;
			projectDirPath = "";
			projectRoot = "";
			targets = (
				04C605352D81F33B00A7F554 /* SpotifyClone */,
				04C6054E2D81F33C00A7F554 /* SpotifyCloneTests */,
				04C605582D81F33C00A7F554 /* SpotifyCloneUITests */,
			);
		};
/* End PBXProject section */

/* Begin PBXResourcesBuildPhase section */
		04C605342D81F33B00A7F554 /* Resources */ = {
			isa = PBXResourcesBuildPhase;
			buildActionMask = 2147483647;
			files = (
			);
			runOnlyForDeploymentPostprocessing = 0;
		};
		04C6054D2D81F33C00A7F554 /* Resources */ = {
			isa = PBXResourcesBuildPhase;
			buildActionMask = 2147483647;
			files = (
			);
			runOnlyForDeploymentPostprocessing = 0;
		};
		04C605572D81F33C00A7F554 /* Resources */ = {
			isa = PBXResourcesBuildPhase;
			buildActionMask = 2147483647;
			files = (
			);
			runOnlyForDeploymentPostprocessing = 0;
		};
/* End PBXResourcesBuildPhase section */

/* Begin PBXShellScriptBuildPhase section */
		2EEF2E7F0719956F072FBC58 /* [CP] Embed Pods Frameworks */ = {
			isa = PBXShellScriptBuildPhase;
			buildActionMask = 2147483647;
			files = (
			);
			inputFileListPaths = (
				"${PODS_ROOT}/Target Support Files/Pods-SpotifyClone/Pods-SpotifyClone-frameworks-${CONFIGURATION}-input-files.xcfilelist",
			);
			name = "[CP] Embed Pods Frameworks";
			outputFileListPaths = (
				"${PODS_ROOT}/Target Support Files/Pods-SpotifyClone/Pods-SpotifyClone-frameworks-${CONFIGURATION}-output-files.xcfilelist",
			);
			runOnlyForDeploymentPostprocessing = 0;
			shellPath = /bin/sh;
			shellScript = "\"${PODS_ROOT}/Target Support Files/Pods-SpotifyClone/Pods-SpotifyClone-frameworks.sh\"\n";
			showEnvVarsInLog = 0;
		};
		A92BA73AC7D5D7A8076C2599 /* [CP] Embed Pods Frameworks */ = {
			isa = PBXShellScriptBuildPhase;
			buildActionMask = 2147483647;
			files = (
			);
			inputFileListPaths = (
				"${PODS_ROOT}/Target Support Files/Pods-SpotifyClone-SpotifyCloneUITests/Pods-SpotifyClone-SpotifyCloneUITests-frameworks-${CONFIGURATION}-input-files.xcfilelist",
			);
			name = "[CP] Embed Pods Frameworks";
			outputFileListPaths = (
				"${PODS_ROOT}/Target Support Files/Pods-SpotifyClone-SpotifyCloneUITests/Pods-SpotifyClone-SpotifyCloneUITests-frameworks-${CONFIGURATION}-output-files.xcfilelist",
			);
			runOnlyForDeploymentPostprocessing = 0;
			shellPath = /bin/sh;
			shellScript = "\"${PODS_ROOT}/Target Support Files/Pods-SpotifyClone-SpotifyCloneUITests/Pods-SpotifyClone-SpotifyCloneUITests-frameworks.sh\"\n";
			showEnvVarsInLog = 0;
		};
		B376370DA804958C2224CF93 /* [CP] Check Pods Manifest.lock */ = {
			isa = PBXShellScriptBuildPhase;
			buildActionMask = 2147483647;
			files = (
			);
			inputFileListPaths = (
			);
			inputPaths = (
				"${PODS_PODFILE_DIR_PATH}/Podfile.lock",
				"${PODS_ROOT}/Manifest.lock",
			);
			name = "[CP] Check Pods Manifest.lock";
			outputFileListPaths = (
			);
			outputPaths = (
				"$(DERIVED_FILE_DIR)/Pods-SpotifyClone-SpotifyCloneUITests-checkManifestLockResult.txt",
			);
			runOnlyForDeploymentPostprocessing = 0;
			shellPath = /bin/sh;
			shellScript = "diff \"${PODS_PODFILE_DIR_PATH}/Podfile.lock\" \"${PODS_ROOT}/Manifest.lock\" > /dev/null\nif [ $? != 0 ] ; then\n    # print error to STDERR\n    echo \"error: The sandbox is not in sync with the Podfile.lock. Run 'pod install' or update your CocoaPods installation.\" >&2\n    exit 1\nfi\n# This output is used by Xcode 'outputs' to avoid re-running this script phase.\necho \"SUCCESS\" > \"${SCRIPT_OUTPUT_FILE_0}\"\n";
			showEnvVarsInLog = 0;
		};
		BC0A6E29625E99508A97BFDA /* [CP] Check Pods Manifest.lock */ = {
			isa = PBXShellScriptBuildPhase;
			buildActionMask = 2147483647;
			files = (
			);
			inputFileListPaths = (
			);
			inputPaths = (
				"${PODS_PODFILE_DIR_PATH}/Podfile.lock",
				"${PODS_ROOT}/Manifest.lock",
			);
			name = "[CP] Check Pods Manifest.lock";
			outputFileListPaths = (
			);
			outputPaths = (
				"$(DERIVED_FILE_DIR)/Pods-SpotifyClone-checkManifestLockResult.txt",
			);
			runOnlyForDeploymentPostprocessing = 0;
			shellPath = /bin/sh;
			shellScript = "diff \"${PODS_PODFILE_DIR_PATH}/Podfile.lock\" \"${PODS_ROOT}/Manifest.lock\" > /dev/null\nif [ $? != 0 ] ; then\n    # print error to STDERR\n    echo \"error: The sandbox is not in sync with the Podfile.lock. Run 'pod install' or update your CocoaPods installation.\" >&2\n    exit 1\nfi\n# This output is used by Xcode 'outputs' to avoid re-running this script phase.\necho \"SUCCESS\" > \"${SCRIPT_OUTPUT_FILE_0}\"\n";
			showEnvVarsInLog = 0;
		};
		FF9E5E16E1E5FE400FE5A1C7 /* [CP] Check Pods Manifest.lock */ = {
			isa = PBXShellScriptBuildPhase;
			buildActionMask = 2147483647;
			files = (
			);
			inputFileListPaths = (
			);
			inputPaths = (
				"${PODS_PODFILE_DIR_PATH}/Podfile.lock",
				"${PODS_ROOT}/Manifest.lock",
			);
			name = "[CP] Check Pods Manifest.lock";
			outputFileListPaths = (
			);
			outputPaths = (
				"$(DERIVED_FILE_DIR)/Pods-SpotifyCloneTests-checkManifestLockResult.txt",
			);
			runOnlyForDeploymentPostprocessing = 0;
			shellPath = /bin/sh;
			shellScript = "diff \"${PODS_PODFILE_DIR_PATH}/Podfile.lock\" \"${PODS_ROOT}/Manifest.lock\" > /dev/null\nif [ $? != 0 ] ; then\n    # print error to STDERR\n    echo \"error: The sandbox is not in sync with the Podfile.lock. Run 'pod install' or update your CocoaPods installation.\" >&2\n    exit 1\nfi\n# This output is used by Xcode 'outputs' to avoid re-running this script phase.\necho \"SUCCESS\" > \"${SCRIPT_OUTPUT_FILE_0}\"\n";
			showEnvVarsInLog = 0;
		};
/* End PBXShellScriptBuildPhase section */

/* Begin PBXSourcesBuildPhase section */
		04C605322D81F33B00A7F554 /* Sources */ = {
			isa = PBXSourcesBuildPhase;
			buildActionMask = 2147483647;
			files = (
			);
			runOnlyForDeploymentPostprocessing = 0;
		};
		04C6054B2D81F33C00A7F554 /* Sources */ = {
			isa = PBXSourcesBuildPhase;
			buildActionMask = 2147483647;
			files = (
			);
			runOnlyForDeploymentPostprocessing = 0;
		};
		04C605552D81F33C00A7F554 /* Sources */ = {
			isa = PBXSourcesBuildPhase;
			buildActionMask = 2147483647;
			files = (
			);
			runOnlyForDeploymentPostprocessing = 0;
		};
/* End PBXSourcesBuildPhase section */

/* Begin PBXTargetDependency section */
		04C605512D81F33C00A7F554 /* PBXTargetDependency */ = {
			isa = PBXTargetDependency;
			target = 04C605352D81F33B00A7F554 /* SpotifyClone */;
			targetProxy = 04C605502D81F33C00A7F554 /* PBXContainerItemProxy */;
		};
		04C6055B2D81F33C00A7F554 /* PBXTargetDependency */ = {
			isa = PBXTargetDependency;
			target = 04C605352D81F33B00A7F554 /* SpotifyClone */;
			targetProxy = 04C6055A2D81F33C00A7F554 /* PBXContainerItemProxy */;
		};
/* End PBXTargetDependency section */

/* Begin XCBuildConfiguration section */
		04C605632D81F33C00A7F554 /* Debug */ = {
			isa = XCBuildConfiguration;
			baseConfigurationReference = 122F7289A3674398BF891D94 /* Pods-SpotifyClone.debug.xcconfig */;
			buildSettings = {
				ASSETCATALOG_COMPILER_APPICON_NAME = AppIcon;
				ASSETCATALOG_COMPILER_GLOBAL_ACCENT_COLOR_NAME = AccentColor;
				CODE_SIGN_STYLE = Automatic;
				CURRENT_PROJECT_VERSION = 1;
				GENERATE_INFOPLIST_FILE = YES;
				INFOPLIST_FILE = SpotifyClone/Info.plist;
				INFOPLIST_KEY_UIApplicationSupportsIndirectInputEvents = YES;
				INFOPLIST_KEY_UILaunchStoryboardName = LaunchScreen;
				INFOPLIST_KEY_UISupportedInterfaceOrientations_iPad = "UIInterfaceOrientationPortrait UIInterfaceOrientationPortraitUpsideDown UIInterfaceOrientationLandscapeLeft UIInterfaceOrientationLandscapeRight";
				INFOPLIST_KEY_UISupportedInterfaceOrientations_iPhone = "UIInterfaceOrientationPortrait UIInterfaceOrientationLandscapeLeft UIInterfaceOrientationLandscapeRight";
				IPHONEOS_DEPLOYMENT_TARGET = 15.6;
				LD_RUNPATH_SEARCH_PATHS = (
					"$(inherited)",
					"@executable_path/Frameworks",
				);
				MARKETING_VERSION = 1.0;
				PRODUCT_BUNDLE_IDENTIFIER = com.krm.SpotifyClone;
				PRODUCT_NAME = "$(TARGET_NAME)";
				SWIFT_EMIT_LOC_STRINGS = YES;
				SWIFT_VERSION = 5.0;
				TARGETED_DEVICE_FAMILY = "1,2";
			};
			name = Debug;
		};
		04C605642D81F33C00A7F554 /* Release */ = {
			isa = XCBuildConfiguration;
			baseConfigurationReference = F30E4A237D41654E1B47D6BD /* Pods-SpotifyClone.release.xcconfig */;
			buildSettings = {
				ASSETCATALOG_COMPILER_APPICON_NAME = AppIcon;
				ASSETCATALOG_COMPILER_GLOBAL_ACCENT_COLOR_NAME = AccentColor;
				CODE_SIGN_STYLE = Automatic;
				CURRENT_PROJECT_VERSION = 1;
				GENERATE_INFOPLIST_FILE = YES;
				INFOPLIST_FILE = SpotifyClone/Info.plist;
				INFOPLIST_KEY_UIApplicationSupportsIndirectInputEvents = YES;
				INFOPLIST_KEY_UILaunchStoryboardName = LaunchScreen;
				INFOPLIST_KEY_UISupportedInterfaceOrientations_iPad = "UIInterfaceOrientationPortrait UIInterfaceOrientationPortraitUpsideDown UIInterfaceOrientationLandscapeLeft UIInterfaceOrientationLandscapeRight";
				INFOPLIST_KEY_UISupportedInterfaceOrientations_iPhone = "UIInterfaceOrientationPortrait UIInterfaceOrientationLandscapeLeft UIInterfaceOrientationLandscapeRight";
				IPHONEOS_DEPLOYMENT_TARGET = 15.6;
				LD_RUNPATH_SEARCH_PATHS = (
					"$(inherited)",
					"@executable_path/Frameworks",
				);
				MARKETING_VERSION = 1.0;
				PRODUCT_BUNDLE_IDENTIFIER = com.krm.SpotifyClone;
				PRODUCT_NAME = "$(TARGET_NAME)";
				SWIFT_EMIT_LOC_STRINGS = YES;
				SWIFT_VERSION = 5.0;
				TARGETED_DEVICE_FAMILY = "1,2";
			};
			name = Release;
		};
		04C605652D81F33C00A7F554 /* Debug */ = {
			isa = XCBuildConfiguration;
			buildSettings = {
				ALWAYS_SEARCH_USER_PATHS = NO;
				ASSETCATALOG_COMPILER_GENERATE_SWIFT_ASSET_SYMBOL_EXTENSIONS = YES;
				CLANG_ANALYZER_NONNULL = YES;
				CLANG_ANALYZER_NUMBER_OBJECT_CONVERSION = YES_AGGRESSIVE;
				CLANG_CXX_LANGUAGE_STANDARD = "gnu++20";
				CLANG_ENABLE_MODULES = YES;
				CLANG_ENABLE_OBJC_ARC = YES;
				CLANG_ENABLE_OBJC_WEAK = YES;
				CLANG_WARN_BLOCK_CAPTURE_AUTORELEASING = YES;
				CLANG_WARN_BOOL_CONVERSION = YES;
				CLANG_WARN_COMMA = YES;
				CLANG_WARN_CONSTANT_CONVERSION = YES;
				CLANG_WARN_DEPRECATED_OBJC_IMPLEMENTATIONS = YES;
				CLANG_WARN_DIRECT_OBJC_ISA_USAGE = YES_ERROR;
				CLANG_WARN_DOCUMENTATION_COMMENTS = YES;
				CLANG_WARN_EMPTY_BODY = YES;
				CLANG_WARN_ENUM_CONVERSION = YES;
				CLANG_WARN_INFINITE_RECURSION = YES;
				CLANG_WARN_INT_CONVERSION = YES;
				CLANG_WARN_NON_LITERAL_NULL_CONVERSION = YES;
				CLANG_WARN_OBJC_IMPLICIT_RETAIN_SELF = YES;
				CLANG_WARN_OBJC_LITERAL_CONVERSION = YES;
				CLANG_WARN_OBJC_ROOT_CLASS = YES_ERROR;
				CLANG_WARN_QUOTED_INCLUDE_IN_FRAMEWORK_HEADER = YES;
				CLANG_WARN_RANGE_LOOP_ANALYSIS = YES;
				CLANG_WARN_STRICT_PROTOTYPES = YES;
				CLANG_WARN_SUSPICIOUS_MOVE = YES;
				CLANG_WARN_UNGUARDED_AVAILABILITY = YES_AGGRESSIVE;
				CLANG_WARN_UNREACHABLE_CODE = YES;
				CLANG_WARN__DUPLICATE_METHOD_MATCH = YES;
				COPY_PHASE_STRIP = NO;
				DEBUG_INFORMATION_FORMAT = dwarf;
				ENABLE_STRICT_OBJC_MSGSEND = YES;
				ENABLE_TESTABILITY = YES;
				ENABLE_USER_SCRIPT_SANDBOXING = NO;
				GCC_C_LANGUAGE_STANDARD = gnu17;
				GCC_DYNAMIC_NO_PIC = NO;
				GCC_NO_COMMON_BLOCKS = YES;
				GCC_OPTIMIZATION_LEVEL = 0;
				GCC_PREPROCESSOR_DEFINITIONS = (
					"DEBUG=1",
					"$(inherited)",
				);
				GCC_WARN_64_TO_32_BIT_CONVERSION = YES;
				GCC_WARN_ABOUT_RETURN_TYPE = YES_ERROR;
				GCC_WARN_UNDECLARED_SELECTOR = YES;
				GCC_WARN_UNINITIALIZED_AUTOS = YES_AGGRESSIVE;
				GCC_WARN_UNUSED_FUNCTION = YES;
				GCC_WARN_UNUSED_VARIABLE = YES;
				IPHONEOS_DEPLOYMENT_TARGET = 18.2;
				LOCALIZATION_PREFERS_STRING_CATALOGS = YES;
				MTL_ENABLE_DEBUG_INFO = INCLUDE_SOURCE;
				MTL_FAST_MATH = YES;
				ONLY_ACTIVE_ARCH = YES;
				SDKROOT = iphoneos;
				SWIFT_ACTIVE_COMPILATION_CONDITIONS = "DEBUG $(inherited)";
				SWIFT_OPTIMIZATION_LEVEL = "-Onone";
			};
			name = Debug;
		};
		04C605662D81F33C00A7F554 /* Release */ = {
			isa = XCBuildConfiguration;
			buildSettings = {
				ALWAYS_SEARCH_USER_PATHS = NO;
				ASSETCATALOG_COMPILER_GENERATE_SWIFT_ASSET_SYMBOL_EXTENSIONS = YES;
				CLANG_ANALYZER_NONNULL = YES;
				CLANG_ANALYZER_NUMBER_OBJECT_CONVERSION = YES_AGGRESSIVE;
				CLANG_CXX_LANGUAGE_STANDARD = "gnu++20";
				CLANG_ENABLE_MODULES = YES;
				CLANG_ENABLE_OBJC_ARC = YES;
				CLANG_ENABLE_OBJC_WEAK = YES;
				CLANG_WARN_BLOCK_CAPTURE_AUTORELEASING = YES;
				CLANG_WARN_BOOL_CONVERSION = YES;
				CLANG_WARN_COMMA = YES;
				CLANG_WARN_CONSTANT_CONVERSION = YES;
				CLANG_WARN_DEPRECATED_OBJC_IMPLEMENTATIONS = YES;
				CLANG_WARN_DIRECT_OBJC_ISA_USAGE = YES_ERROR;
				CLANG_WARN_DOCUMENTATION_COMMENTS = YES;
				CLANG_WARN_EMPTY_BODY = YES;
				CLANG_WARN_ENUM_CONVERSION = YES;
				CLANG_WARN_INFINITE_RECURSION = YES;
				CLANG_WARN_INT_CONVERSION = YES;
				CLANG_WARN_NON_LITERAL_NULL_CONVERSION = YES;
				CLANG_WARN_OBJC_IMPLICIT_RETAIN_SELF = YES;
				CLANG_WARN_OBJC_LITERAL_CONVERSION = YES;
				CLANG_WARN_OBJC_ROOT_CLASS = YES_ERROR;
				CLANG_WARN_QUOTED_INCLUDE_IN_FRAMEWORK_HEADER = YES;
				CLANG_WARN_RANGE_LOOP_ANALYSIS = YES;
				CLANG_WARN_STRICT_PROTOTYPES = YES;
				CLANG_WARN_SUSPICIOUS_MOVE = YES;
				CLANG_WARN_UNGUARDED_AVAILABILITY = YES_AGGRESSIVE;
				CLANG_WARN_UNREACHABLE_CODE = YES;
				CLANG_WARN__DUPLICATE_METHOD_MATCH = YES;
				COPY_PHASE_STRIP = NO;
				DEBUG_INFORMATION_FORMAT = "dwarf-with-dsym";
				ENABLE_NS_ASSERTIONS = NO;
				ENABLE_STRICT_OBJC_MSGSEND = YES;
				ENABLE_USER_SCRIPT_SANDBOXING = NO;
				GCC_C_LANGUAGE_STANDARD = gnu17;
				GCC_NO_COMMON_BLOCKS = YES;
				GCC_WARN_64_TO_32_BIT_CONVERSION = YES;
				GCC_WARN_ABOUT_RETURN_TYPE = YES_ERROR;
				GCC_WARN_UNDECLARED_SELECTOR = YES;
				GCC_WARN_UNINITIALIZED_AUTOS = YES_AGGRESSIVE;
				GCC_WARN_UNUSED_FUNCTION = YES;
				GCC_WARN_UNUSED_VARIABLE = YES;
				IPHONEOS_DEPLOYMENT_TARGET = 18.2;
				LOCALIZATION_PREFERS_STRING_CATALOGS = YES;
				MTL_ENABLE_DEBUG_INFO = NO;
				MTL_FAST_MATH = YES;
				SDKROOT = iphoneos;
				SWIFT_COMPILATION_MODE = wholemodule;
				VALIDATE_PRODUCT = YES;
			};
			name = Release;
		};
		04C605682D81F33C00A7F554 /* Debug */ = {
			isa = XCBuildConfiguration;
			baseConfigurationReference = 4042CF85E64BBE31B87DECA4 /* Pods-SpotifyCloneTests.debug.xcconfig */;
			buildSettings = {
				BUNDLE_LOADER = "$(TEST_HOST)";
				CODE_SIGN_STYLE = Automatic;
				CURRENT_PROJECT_VERSION = 1;
				GENERATE_INFOPLIST_FILE = YES;
				IPHONEOS_DEPLOYMENT_TARGET = 18.2;
				MARKETING_VERSION = 1.0;
				PRODUCT_BUNDLE_IDENTIFIER = com.krm.SpotifyCloneTests;
				PRODUCT_NAME = "$(TARGET_NAME)";
				SWIFT_EMIT_LOC_STRINGS = NO;
				SWIFT_VERSION = 5.0;
				TARGETED_DEVICE_FAMILY = "1,2";
				TEST_HOST = "$(BUILT_PRODUCTS_DIR)/SpotifyClone.app/$(BUNDLE_EXECUTABLE_FOLDER_PATH)/SpotifyClone";
			};
			name = Debug;
		};
		04C605692D81F33C00A7F554 /* Release */ = {
			isa = XCBuildConfiguration;
			baseConfigurationReference = 95A48654FD581D52534B079A /* Pods-SpotifyCloneTests.release.xcconfig */;
			buildSettings = {
				BUNDLE_LOADER = "$(TEST_HOST)";
				CODE_SIGN_STYLE = Automatic;
				CURRENT_PROJECT_VERSION = 1;
				GENERATE_INFOPLIST_FILE = YES;
				IPHONEOS_DEPLOYMENT_TARGET = 18.2;
				MARKETING_VERSION = 1.0;
				PRODUCT_BUNDLE_IDENTIFIER = com.krm.SpotifyCloneTests;
				PRODUCT_NAME = "$(TARGET_NAME)";
				SWIFT_EMIT_LOC_STRINGS = NO;
				SWIFT_VERSION = 5.0;
				TARGETED_DEVICE_FAMILY = "1,2";
				TEST_HOST = "$(BUILT_PRODUCTS_DIR)/SpotifyClone.app/$(BUNDLE_EXECUTABLE_FOLDER_PATH)/SpotifyClone";
			};
			name = Release;
		};
		04C6056B2D81F33C00A7F554 /* Debug */ = {
			isa = XCBuildConfiguration;
			baseConfigurationReference = BADDD16E275FCDD9CC16C0ED /* Pods-SpotifyClone-SpotifyCloneUITests.debug.xcconfig */;
			buildSettings = {
				CODE_SIGN_STYLE = Automatic;
				CURRENT_PROJECT_VERSION = 1;
				GENERATE_INFOPLIST_FILE = YES;
				MARKETING_VERSION = 1.0;
				PRODUCT_BUNDLE_IDENTIFIER = com.krm.SpotifyCloneUITests;
				PRODUCT_NAME = "$(TARGET_NAME)";
				SWIFT_EMIT_LOC_STRINGS = NO;
				SWIFT_VERSION = 5.0;
				TARGETED_DEVICE_FAMILY = "1,2";
				TEST_TARGET_NAME = SpotifyClone;
			};
			name = Debug;
		};
		04C6056C2D81F33C00A7F554 /* Release */ = {
			isa = XCBuildConfiguration;
			baseConfigurationReference = 9103B892266B93FA24841BCD /* Pods-SpotifyClone-SpotifyCloneUITests.release.xcconfig */;
			buildSettings = {
				CODE_SIGN_STYLE = Automatic;
				CURRENT_PROJECT_VERSION = 1;
				GENERATE_INFOPLIST_FILE = YES;
				MARKETING_VERSION = 1.0;
				PRODUCT_BUNDLE_IDENTIFIER = com.krm.SpotifyCloneUITests;
				PRODUCT_NAME = "$(TARGET_NAME)";
				SWIFT_EMIT_LOC_STRINGS = NO;
				SWIFT_VERSION = 5.0;
				TARGETED_DEVICE_FAMILY = "1,2";
				TEST_TARGET_NAME = SpotifyClone;
			};
			name = Release;
		};
/* End XCBuildConfiguration section */

/* Begin XCConfigurationList section */
		04C605312D81F33B00A7F554 /* Build configuration list for PBXProject "SpotifyClone" */ = {
			isa = XCConfigurationList;
			buildConfigurations = (
				04C605652D81F33C00A7F554 /* Debug */,
				04C605662D81F33C00A7F554 /* Release */,
			);
			defaultConfigurationIsVisible = 0;
			defaultConfigurationName = Release;
		};
		04C605622D81F33C00A7F554 /* Build configuration list for PBXNativeTarget "SpotifyClone" */ = {
			isa = XCConfigurationList;
			buildConfigurations = (
				04C605632D81F33C00A7F554 /* Debug */,
				04C605642D81F33C00A7F554 /* Release */,
			);
			defaultConfigurationIsVisible = 0;
			defaultConfigurationName = Release;
		};
		04C605672D81F33C00A7F554 /* Build configuration list for PBXNativeTarget "SpotifyCloneTests" */ = {
			isa = XCConfigurationList;
			buildConfigurations = (
				04C605682D81F33C00A7F554 /* Debug */,
				04C605692D81F33C00A7F554 /* Release */,
			);
			defaultConfigurationIsVisible = 0;
			defaultConfigurationName = Release;
		};
		04C6056A2D81F33C00A7F554 /* Build configuration list for PBXNativeTarget "SpotifyCloneUITests" */ = {
			isa = XCConfigurationList;
			buildConfigurations = (
				04C6056B2D81F33C00A7F554 /* Debug */,
				04C6056C2D81F33C00A7F554 /* Release */,
			);
			defaultConfigurationIsVisible = 0;
			defaultConfigurationName = Release;
		};
/* End XCConfigurationList section */
	};
	rootObject = 04C6052E2D81F33B00A7F554 /* Project object */;
}
